// !$*UTF8*$!
{
	archiveVersion = 1;
	classes = {
	};
	objectVersion = 56;
	objects = {

/* Begin PBXBuildFile section */
		707A560D29EFCCAB001EEDF6 /* AppDelegate.swift in Sources */ = {isa = PBXBuildFile; fileRef = 707A560C29EFCCAB001EEDF6 /* AppDelegate.swift */; };
		707A560F29EFCCAB001EEDF6 /* SceneDelegate.swift in Sources */ = {isa = PBXBuildFile; fileRef = 707A560E29EFCCAB001EEDF6 /* SceneDelegate.swift */; };
		707A561129EFCCAB001EEDF6 /* ViewController.swift in Sources */ = {isa = PBXBuildFile; fileRef = 707A561029EFCCAB001EEDF6 /* ViewController.swift */; };
		707A561429EFCCAB001EEDF6 /* Main.storyboard in Resources */ = {isa = PBXBuildFile; fileRef = 707A561229EFCCAB001EEDF6 /* Main.storyboard */; };
		707A561629EFCCAD001EEDF6 /* Assets.xcassets in Resources */ = {isa = PBXBuildFile; fileRef = 707A561529EFCCAD001EEDF6 /* Assets.xcassets */; };
		707A561929EFCCAD001EEDF6 /* LaunchScreen.storyboard in Resources */ = {isa = PBXBuildFile; fileRef = 707A561729EFCCAD001EEDF6 /* LaunchScreen.storyboard */; };
		707A562729EFCCD6001EEDF6 /* WidgetKit.framework in Frameworks */ = {isa = PBXBuildFile; fileRef = 707A562629EFCCD6001EEDF6 /* WidgetKit.framework */; };
		707A562929EFCCD6001EEDF6 /* SwiftUI.framework in Frameworks */ = {isa = PBXBuildFile; fileRef = 707A562829EFCCD6001EEDF6 /* SwiftUI.framework */; };
		707A562C29EFCCD6001EEDF6 /* LiveActivitiesWidgetBundle.swift in Sources */ = {isa = PBXBuildFile; fileRef = 707A562B29EFCCD6001EEDF6 /* LiveActivitiesWidgetBundle.swift */; };
		707A562E29EFCCD6001EEDF6 /* LiveActivitiesWidgetLiveActivity.swift in Sources */ = {isa = PBXBuildFile; fileRef = 707A562D29EFCCD6001EEDF6 /* LiveActivitiesWidgetLiveActivity.swift */; };
		707A563029EFCCD6001EEDF6 /* LiveActivitiesWidget.swift in Sources */ = {isa = PBXBuildFile; fileRef = 707A562F29EFCCD6001EEDF6 /* LiveActivitiesWidget.swift */; };
		707A563229EFCCD7001EEDF6 /* Assets.xcassets in Resources */ = {isa = PBXBuildFile; fileRef = 707A563129EFCCD7001EEDF6 /* Assets.xcassets */; };
		707A563629EFCCD7001EEDF6 /* LiveActivitiesWidgetExtension.appex in Embed Foundation Extensions */ = {isa = PBXBuildFile; fileRef = 707A562429EFCCD6001EEDF6 /* LiveActivitiesWidgetExtension.appex */; settings = {ATTRIBUTES = (RemoveHeadersOnCopy, ); }; };
		707A563F29EFEFB0001EEDF6 /* LiveActivitiesData.swift in Sources */ = {isa = PBXBuildFile; fileRef = 707A563E29EFEFB0001EEDF6 /* LiveActivitiesData.swift */; };
		707A564329EFF469001EEDF6 /* TestData.swift in Sources */ = {isa = PBXBuildFile; fileRef = 707A564229EFF469001EEDF6 /* TestData.swift */; };
		707A564429EFF66E001EEDF6 /* LiveActivitiesData.swift in Sources */ = {isa = PBXBuildFile; fileRef = 707A563E29EFEFB0001EEDF6 /* LiveActivitiesData.swift */; };
/* End PBXBuildFile section */

/* Begin PBXContainerItemProxy section */
		707A563429EFCCD7001EEDF6 /* PBXContainerItemProxy */ = {
			isa = PBXContainerItemProxy;
			containerPortal = 707A560129EFCCAB001EEDF6 /* Project object */;
			proxyType = 1;
			remoteGlobalIDString = 707A562329EFCCD6001EEDF6;
			remoteInfo = LiveActivitiesWidgetExtension;
		};
/* End PBXContainerItemProxy section */

/* Begin PBXCopyFilesBuildPhase section */
		707A563A29EFCCD7001EEDF6 /* Embed Foundation Extensions */ = {
			isa = PBXCopyFilesBuildPhase;
			buildActionMask = 2147483647;
			dstPath = "";
			dstSubfolderSpec = 13;
			files = (
				707A563629EFCCD7001EEDF6 /* LiveActivitiesWidgetExtension.appex in Embed Foundation Extensions */,
			);
			name = "Embed Foundation Extensions";
			runOnlyForDeploymentPostprocessing = 0;
		};
/* End PBXCopyFilesBuildPhase section */

/* Begin PBXFileReference section */
		707A560929EFCCAB001EEDF6 /* PZXLiveActivities.app */ = {isa = PBXFileReference; explicitFileType = wrapper.application; includeInIndex = 0; path = PZXLiveActivities.app; sourceTree = BUILT_PRODUCTS_DIR; };
		707A560C29EFCCAB001EEDF6 /* AppDelegate.swift */ = {isa = PBXFileReference; lastKnownFileType = sourcecode.swift; path = AppDelegate.swift; sourceTree = "<group>"; };
		707A560E29EFCCAB001EEDF6 /* SceneDelegate.swift */ = {isa = PBXFileReference; lastKnownFileType = sourcecode.swift; path = SceneDelegate.swift; sourceTree = "<group>"; };
		707A561029EFCCAB001EEDF6 /* ViewController.swift */ = {isa = PBXFileReference; lastKnownFileType = sourcecode.swift; path = ViewController.swift; sourceTree = "<group>"; };
		707A561329EFCCAB001EEDF6 /* Base */ = {isa = PBXFileReference; lastKnownFileType = file.storyboard; name = Base; path = Base.lproj/Main.storyboard; sourceTree = "<group>"; };
		707A561529EFCCAD001EEDF6 /* Assets.xcassets */ = {isa = PBXFileReference; lastKnownFileType = folder.assetcatalog; path = Assets.xcassets; sourceTree = "<group>"; };
		707A561829EFCCAD001EEDF6 /* Base */ = {isa = PBXFileReference; lastKnownFileType = file.storyboard; name = Base; path = Base.lproj/LaunchScreen.storyboard; sourceTree = "<group>"; };
		707A561A29EFCCAD001EEDF6 /* Info.plist */ = {isa = PBXFileReference; lastKnownFileType = text.plist.xml; path = Info.plist; sourceTree = "<group>"; };
		707A562429EFCCD6001EEDF6 /* LiveActivitiesWidgetExtension.appex */ = {isa = PBXFileReference; explicitFileType = "wrapper.app-extension"; includeInIndex = 0; path = LiveActivitiesWidgetExtension.appex; sourceTree = BUILT_PRODUCTS_DIR; };
		707A562629EFCCD6001EEDF6 /* WidgetKit.framework */ = {isa = PBXFileReference; lastKnownFileType = wrapper.framework; name = WidgetKit.framework; path = System/Library/Frameworks/WidgetKit.framework; sourceTree = SDKROOT; };
		707A562829EFCCD6001EEDF6 /* SwiftUI.framework */ = {isa = PBXFileReference; lastKnownFileType = wrapper.framework; name = SwiftUI.framework; path = System/Library/Frameworks/SwiftUI.framework; sourceTree = SDKROOT; };
		707A562B29EFCCD6001EEDF6 /* LiveActivitiesWidgetBundle.swift */ = {isa = PBXFileReference; lastKnownFileType = sourcecode.swift; path = LiveActivitiesWidgetBundle.swift; sourceTree = "<group>"; };
		707A562D29EFCCD6001EEDF6 /* LiveActivitiesWidgetLiveActivity.swift */ = {isa = PBXFileReference; lastKnownFileType = sourcecode.swift; path = LiveActivitiesWidgetLiveActivity.swift; sourceTree = "<group>"; };
		707A562F29EFCCD6001EEDF6 /* LiveActivitiesWidget.swift */ = {isa = PBXFileReference; lastKnownFileType = sourcecode.swift; path = LiveActivitiesWidget.swift; sourceTree = "<group>"; };
		707A563129EFCCD7001EEDF6 /* Assets.xcassets */ = {isa = PBXFileReference; lastKnownFileType = folder.assetcatalog; path = Assets.xcassets; sourceTree = "<group>"; };
		707A563329EFCCD7001EEDF6 /* Info.plist */ = {isa = PBXFileReference; lastKnownFileType = text.plist.xml; path = Info.plist; sourceTree = "<group>"; };
		707A563E29EFEFB0001EEDF6 /* LiveActivitiesData.swift */ = {isa = PBXFileReference; lastKnownFileType = sourcecode.swift; path = LiveActivitiesData.swift; sourceTree = "<group>"; };
		707A564229EFF469001EEDF6 /* TestData.swift */ = {isa = PBXFileReference; lastKnownFileType = sourcecode.swift; path = TestData.swift; sourceTree = "<group>"; };
/* End PBXFileReference section */

/* Begin PBXFrameworksBuildPhase section */
		707A560629EFCCAB001EEDF6 /* Frameworks */ = {
			isa = PBXFrameworksBuildPhase;
			buildActionMask = 2147483647;
			files = (
			);
			runOnlyForDeploymentPostprocessing = 0;
		};
		707A562129EFCCD6001EEDF6 /* Frameworks */ = {
			isa = PBXFrameworksBuildPhase;
			buildActionMask = 2147483647;
			files = (
				707A562929EFCCD6001EEDF6 /* SwiftUI.framework in Frameworks */,
				707A562729EFCCD6001EEDF6 /* WidgetKit.framework in Frameworks */,
			);
			runOnlyForDeploymentPostprocessing = 0;
		};
/* End PBXFrameworksBuildPhase section */

/* Begin PBXGroup section */
		707A560029EFCCAB001EEDF6 = {
			isa = PBXGroup;
			children = (
				707A560B29EFCCAB001EEDF6 /* PZXLiveActivities */,
				707A562A29EFCCD6001EEDF6 /* LiveActivitiesWidget */,
				707A562529EFCCD6001EEDF6 /* Frameworks */,
				707A560A29EFCCAB001EEDF6 /* Products */,
			);
			sourceTree = "<group>";
		};
		707A560A29EFCCAB001EEDF6 /* Products */ = {
			isa = PBXGroup;
			children = (
				707A560929EFCCAB001EEDF6 /* PZXLiveActivities.app */,
				707A562429EFCCD6001EEDF6 /* LiveActivitiesWidgetExtension.appex */,
			);
			name = Products;
			sourceTree = "<group>";
		};
		707A560B29EFCCAB001EEDF6 /* PZXLiveActivities */ = {
			isa = PBXGroup;
			children = (
				707A560C29EFCCAB001EEDF6 /* AppDelegate.swift */,
				707A560E29EFCCAB001EEDF6 /* SceneDelegate.swift */,
				707A561029EFCCAB001EEDF6 /* ViewController.swift */,
				707A561229EFCCAB001EEDF6 /* Main.storyboard */,
				707A561529EFCCAD001EEDF6 /* Assets.xcassets */,
				707A561729EFCCAD001EEDF6 /* LaunchScreen.storyboard */,
				707A561A29EFCCAD001EEDF6 /* Info.plist */,
				707A564229EFF469001EEDF6 /* TestData.swift */,
			);
			path = PZXLiveActivities;
			sourceTree = "<group>";
		};
		707A562529EFCCD6001EEDF6 /* Frameworks */ = {
			isa = PBXGroup;
			children = (
				707A562629EFCCD6001EEDF6 /* WidgetKit.framework */,
				707A562829EFCCD6001EEDF6 /* SwiftUI.framework */,
			);
			name = Frameworks;
			sourceTree = "<group>";
		};
		707A562A29EFCCD6001EEDF6 /* LiveActivitiesWidget */ = {
			isa = PBXGroup;
			children = (
				707A563E29EFEFB0001EEDF6 /* LiveActivitiesData.swift */,
				707A562B29EFCCD6001EEDF6 /* LiveActivitiesWidgetBundle.swift */,
				707A562D29EFCCD6001EEDF6 /* LiveActivitiesWidgetLiveActivity.swift */,
				707A562F29EFCCD6001EEDF6 /* LiveActivitiesWidget.swift */,
				707A563129EFCCD7001EEDF6 /* Assets.xcassets */,
				707A563329EFCCD7001EEDF6 /* Info.plist */,
			);
			path = LiveActivitiesWidget;
			sourceTree = "<group>";
		};
/* End PBXGroup section */

/* Begin PBXNativeTarget section */
		707A560829EFCCAB001EEDF6 /* PZXLiveActivities */ = {
			isa = PBXNativeTarget;
			buildConfigurationList = 707A561D29EFCCAD001EEDF6 /* Build configuration list for PBXNativeTarget "PZXLiveActivities" */;
			buildPhases = (
				707A560529EFCCAB001EEDF6 /* Sources */,
				707A560629EFCCAB001EEDF6 /* Frameworks */,
				707A560729EFCCAB001EEDF6 /* Resources */,
				707A563A29EFCCD7001EEDF6 /* Embed Foundation Extensions */,
			);
			buildRules = (
			);
			dependencies = (
				707A563529EFCCD7001EEDF6 /* PBXTargetDependency */,
			);
			name = PZXLiveActivities;
			productName = PZXLiveActivities;
			productReference = 707A560929EFCCAB001EEDF6 /* PZXLiveActivities.app */;
			productType = "com.apple.product-type.application";
		};
		707A562329EFCCD6001EEDF6 /* LiveActivitiesWidgetExtension */ = {
			isa = PBXNativeTarget;
			buildConfigurationList = 707A563729EFCCD7001EEDF6 /* Build configuration list for PBXNativeTarget "LiveActivitiesWidgetExtension" */;
			buildPhases = (
				707A562029EFCCD6001EEDF6 /* Sources */,
				707A562129EFCCD6001EEDF6 /* Frameworks */,
				707A562229EFCCD6001EEDF6 /* Resources */,
			);
			buildRules = (
			);
			dependencies = (
			);
			name = LiveActivitiesWidgetExtension;
			productName = LiveActivitiesWidgetExtension;
			productReference = 707A562429EFCCD6001EEDF6 /* LiveActivitiesWidgetExtension.appex */;
			productType = "com.apple.product-type.app-extension";
		};
/* End PBXNativeTarget section */

/* Begin PBXProject section */
		707A560129EFCCAB001EEDF6 /* Project object */ = {
			isa = PBXProject;
			attributes = {
				BuildIndependentTargetsInParallel = 1;
				LastSwiftUpdateCheck = 1420;
				LastUpgradeCheck = 1420;
				TargetAttributes = {
					707A560829EFCCAB001EEDF6 = {
						CreatedOnToolsVersion = 14.2;
					};
					707A562329EFCCD6001EEDF6 = {
						CreatedOnToolsVersion = 14.2;
					};
				};
			};
			buildConfigurationList = 707A560429EFCCAB001EEDF6 /* Build configuration list for PBXProject "PZXLiveActivities" */;
			compatibilityVersion = "Xcode 14.0";
			developmentRegion = en;
			hasScannedForEncodings = 0;
			knownRegions = (
				en,
				Base,
			);
			mainGroup = 707A560029EFCCAB001EEDF6;
			productRefGroup = 707A560A29EFCCAB001EEDF6 /* Products */;
			projectDirPath = "";
			projectRoot = "";
			targets = (
				707A560829EFCCAB001EEDF6 /* PZXLiveActivities */,
				707A562329EFCCD6001EEDF6 /* LiveActivitiesWidgetExtension */,
			);
		};
/* End PBXProject section */

/* Begin PBXResourcesBuildPhase section */
		707A560729EFCCAB001EEDF6 /* Resources */ = {
			isa = PBXResourcesBuildPhase;
			buildActionMask = 2147483647;
			files = (
				707A561929EFCCAD001EEDF6 /* LaunchScreen.storyboard in Resources */,
				707A561629EFCCAD001EEDF6 /* Assets.xcassets in Resources */,
				707A561429EFCCAB001EEDF6 /* Main.storyboard in Resources */,
			);
			runOnlyForDeploymentPostprocessing = 0;
		};
		707A562229EFCCD6001EEDF6 /* Resources */ = {
			isa = PBXResourcesBuildPhase;
			buildActionMask = 2147483647;
			files = (
				707A563229EFCCD7001EEDF6 /* Assets.xcassets in Resources */,
			);
			runOnlyForDeploymentPostprocessing = 0;
		};
/* End PBXResourcesBuildPhase section */

/* Begin PBXSourcesBuildPhase section */
		707A560529EFCCAB001EEDF6 /* Sources */ = {
			isa = PBXSourcesBuildPhase;
			buildActionMask = 2147483647;
			files = (
				707A561129EFCCAB001EEDF6 /* ViewController.swift in Sources */,
				707A560D29EFCCAB001EEDF6 /* AppDelegate.swift in Sources */,
				707A563F29EFEFB0001EEDF6 /* LiveActivitiesData.swift in Sources */,
				707A564329EFF469001EEDF6 /* TestData.swift in Sources */,
				707A560F29EFCCAB001EEDF6 /* SceneDelegate.swift in Sources */,
			);
			runOnlyForDeploymentPostprocessing = 0;
		};
		707A562029EFCCD6001EEDF6 /* Sources */ = {
			isa = PBXSourcesBuildPhase;
			buildActionMask = 2147483647;
			files = (
				707A564429EFF66E001EEDF6 /* LiveActivitiesData.swift in Sources */,
				707A562C29EFCCD6001EEDF6 /* LiveActivitiesWidgetBundle.swift in Sources */,
				707A563029EFCCD6001EEDF6 /* LiveActivitiesWidget.swift in Sources */,
				707A562E29EFCCD6001EEDF6 /* LiveActivitiesWidgetLiveActivity.swift in Sources */,
			);
			runOnlyForDeploymentPostprocessing = 0;
		};
/* End PBXSourcesBuildPhase section */

/* Begin PBXTargetDependency section */
		707A563529EFCCD7001EEDF6 /* PBXTargetDependency */ = {
			isa = PBXTargetDependency;
			target = 707A562329EFCCD6001EEDF6 /* LiveActivitiesWidgetExtension */;
			targetProxy = 707A563429EFCCD7001EEDF6 /* PBXContainerItemProxy */;
		};
/* End PBXTargetDependency section */

/* Begin PBXVariantGroup section */
		707A561229EFCCAB001EEDF6 /* Main.storyboard */ = {
			isa = PBXVariantGroup;
			children = (
				707A561329EFCCAB001EEDF6 /* Base */,
			);
			name = Main.storyboard;
			sourceTree = "<group>";
		};
		707A561729EFCCAD001EEDF6 /* LaunchScreen.storyboard */ = {
			isa = PBXVariantGroup;
			children = (
				707A561829EFCCAD001EEDF6 /* Base */,
			);
			name = LaunchScreen.storyboard;
			sourceTree = "<group>";
		};
/* End PBXVariantGroup section */

/* Begin XCBuildConfiguration section */
		707A561B29EFCCAD001EEDF6 /* Debug */ = {
			isa = XCBuildConfiguration;
			buildSettings = {
				ALWAYS_SEARCH_USER_PATHS = NO;
				CLANG_ANALYZER_NONNULL = YES;
				CLANG_ANALYZER_NUMBER_OBJECT_CONVERSION = YES_AGGRESSIVE;
				CLANG_CXX_LANGUAGE_STANDARD = "gnu++20";
				CLANG_ENABLE_MODULES = YES;
				CLANG_ENABLE_OBJC_ARC = YES;
				CLANG_ENABLE_OBJC_WEAK = YES;
				CLANG_WARN_BLOCK_CAPTURE_AUTORELEASING = YES;
				CLANG_WARN_BOOL_CONVERSION = YES;
				CLANG_WARN_COMMA = YES;
				CLANG_WARN_CONSTANT_CONVERSION = YES;
				CLANG_WARN_DEPRECATED_OBJC_IMPLEMENTATIONS = YES;
				CLANG_WARN_DIRECT_OBJC_ISA_USAGE = YES_ERROR;
				CLANG_WARN_DOCUMENTATION_COMMENTS = YES;
				CLANG_WARN_EMPTY_BODY = YES;
				CLANG_WARN_ENUM_CONVERSION = YES;
				CLANG_WARN_INFINITE_RECURSION = YES;
				CLANG_WARN_INT_CONVERSION = YES;
				CLANG_WARN_NON_LITERAL_NULL_CONVERSION = YES;
				CLANG_WARN_OBJC_IMPLICIT_RETAIN_SELF = YES;
				CLANG_WARN_OBJC_LITERAL_CONVERSION = YES;
				CLANG_WARN_OBJC_ROOT_CLASS = YES_ERROR;
				CLANG_WARN_QUOTED_INCLUDE_IN_FRAMEWORK_HEADER = YES;
				CLANG_WARN_RANGE_LOOP_ANALYSIS = YES;
				CLANG_WARN_STRICT_PROTOTYPES = YES;
				CLANG_WARN_SUSPICIOUS_MOVE = YES;
				CLANG_WARN_UNGUARDED_AVAILABILITY = YES_AGGRESSIVE;
				CLANG_WARN_UNREACHABLE_CODE = YES;
				CLANG_WARN__DUPLICATE_METHOD_MATCH = YES;
				COPY_PHASE_STRIP = NO;
				DEBUG_INFORMATION_FORMAT = dwarf;
				ENABLE_STRICT_OBJC_MSGSEND = YES;
				ENABLE_TESTABILITY = YES;
				GCC_C_LANGUAGE_STANDARD = gnu11;
				GCC_DYNAMIC_NO_PIC = NO;
				GCC_NO_COMMON_BLOCKS = YES;
				GCC_OPTIMIZATION_LEVEL = 0;
				GCC_PREPROCESSOR_DEFINITIONS = (
					"DEBUG=1",
					"$(inherited)",
				);
				GCC_WARN_64_TO_32_BIT_CONVERSION = YES;
				GCC_WARN_ABOUT_RETURN_TYPE = YES_ERROR;
				GCC_WARN_UNDECLARED_SELECTOR = YES;
				GCC_WARN_UNINITIALIZED_AUTOS = YES_AGGRESSIVE;
				GCC_WARN_UNUSED_FUNCTION = YES;
				GCC_WARN_UNUSED_VARIABLE = YES;
				IPHONEOS_DEPLOYMENT_TARGET = 16.2;
				MTL_ENABLE_DEBUG_INFO = INCLUDE_SOURCE;
				MTL_FAST_MATH = YES;
				ONLY_ACTIVE_ARCH = YES;
				SDKROOT = iphoneos;
				SWIFT_ACTIVE_COMPILATION_CONDITIONS = DEBUG;
				SWIFT_OPTIMIZATION_LEVEL = "-Onone";
			};
			name = Debug;
		};
		707A561C29EFCCAD001EEDF6 /* Release */ = {
			isa = XCBuildConfiguration;
			buildSettings = {
				ALWAYS_SEARCH_USER_PATHS = NO;
				CLANG_ANALYZER_NONNULL = YES;
				CLANG_ANALYZER_NUMBER_OBJECT_CONVERSION = YES_AGGRESSIVE;
				CLANG_CXX_LANGUAGE_STANDARD = "gnu++20";
				CLANG_ENABLE_MODULES = YES;
				CLANG_ENABLE_OBJC_ARC = YES;
				CLANG_ENABLE_OBJC_WEAK = YES;
				CLANG_WARN_BLOCK_CAPTURE_AUTORELEASING = YES;
				CLANG_WARN_BOOL_CONVERSION = YES;
				CLANG_WARN_COMMA = YES;
				CLANG_WARN_CONSTANT_CONVERSION = YES;
				CLANG_WARN_DEPRECATED_OBJC_IMPLEMENTATIONS = YES;
				CLANG_WARN_DIRECT_OBJC_ISA_USAGE = YES_ERROR;
				CLANG_WARN_DOCUMENTATION_COMMENTS = YES;
				CLANG_WARN_EMPTY_BODY = YES;
				CLANG_WARN_ENUM_CONVERSION = YES;
				CLANG_WARN_INFINITE_RECURSION = YES;
				CLANG_WARN_INT_CONVERSION = YES;
				CLANG_WARN_NON_LITERAL_NULL_CONVERSION = YES;
				CLANG_WARN_OBJC_IMPLICIT_RETAIN_SELF = YES;
				CLANG_WARN_OBJC_LITERAL_CONVERSION = YES;
				CLANG_WARN_OBJC_ROOT_CLASS = YES_ERROR;
				CLANG_WARN_QUOTED_INCLUDE_IN_FRAMEWORK_HEADER = YES;
				CLANG_WARN_RANGE_LOOP_ANALYSIS = YES;
				CLANG_WARN_STRICT_PROTOTYPES = YES;
				CLANG_WARN_SUSPICIOUS_MOVE = YES;
				CLANG_WARN_UNGUARDED_AVAILABILITY = YES_AGGRESSIVE;
				CLANG_WARN_UNREACHABLE_CODE = YES;
				CLANG_WARN__DUPLICATE_METHOD_MATCH = YES;
				COPY_PHASE_STRIP = NO;
				DEBUG_INFORMATION_FORMAT = "dwarf-with-dsym";
				ENABLE_NS_ASSERTIONS = NO;
				ENABLE_STRICT_OBJC_MSGSEND = YES;
				GCC_C_LANGUAGE_STANDARD = gnu11;
				GCC_NO_COMMON_BLOCKS = YES;
				GCC_WARN_64_TO_32_BIT_CONVERSION = YES;
				GCC_WARN_ABOUT_RETURN_TYPE = YES_ERROR;
				GCC_WARN_UNDECLARED_SELECTOR = YES;
				GCC_WARN_UNINITIALIZED_AUTOS = YES_AGGRESSIVE;
				GCC_WARN_UNUSED_FUNCTION = YES;
				GCC_WARN_UNUSED_VARIABLE = YES;
				IPHONEOS_DEPLOYMENT_TARGET = 16.2;
				MTL_ENABLE_DEBUG_INFO = NO;
				MTL_FAST_MATH = YES;
				SDKROOT = iphoneos;
				SWIFT_COMPILATION_MODE = wholemodule;
				SWIFT_OPTIMIZATION_LEVEL = "-O";
				VALIDATE_PRODUCT = YES;
			};
			name = Release;
		};
		707A561E29EFCCAD001EEDF6 /* Debug */ = {
			isa = XCBuildConfiguration;
			buildSettings = {
				ALWAYS_EMBED_SWIFT_STANDARD_LIBRARIES = YES;
				ASSETCATALOG_COMPILER_APPICON_NAME = AppIcon;
				ASSETCATALOG_COMPILER_GLOBAL_ACCENT_COLOR_NAME = AccentColor;
				CODE_SIGN_STYLE = Automatic;
				CURRENT_PROJECT_VERSION = 1;
				DEVELOPMENT_TEAM = 6AE83KM8ZG;
				GENERATE_INFOPLIST_FILE = YES;
				INFOPLIST_FILE = PZXLiveActivities/Info.plist;
				INFOPLIST_KEY_NSSupportsLiveActivities = YES;
				INFOPLIST_KEY_UIApplicationSupportsIndirectInputEvents = YES;
				INFOPLIST_KEY_UILaunchStoryboardName = LaunchScreen;
				INFOPLIST_KEY_UIMainStoryboardFile = Main;
				INFOPLIST_KEY_UISupportedInterfaceOrientations_iPad = "UIInterfaceOrientationPortrait UIInterfaceOrientationPortraitUpsideDown UIInterfaceOrientationLandscapeLeft UIInterfaceOrientationLandscapeRight";
				INFOPLIST_KEY_UISupportedInterfaceOrientations_iPhone = "UIInterfaceOrientationPortrait UIInterfaceOrientationLandscapeLeft UIInterfaceOrientationLandscapeRight";
				IPHONEOS_DEPLOYMENT_TARGET = 16.1;
				LD_RUNPATH_SEARCH_PATHS = (
					"$(inherited)",
					"@executable_path/Frameworks",
				);
				MARKETING_VERSION = 1.0;
				PRODUCT_BUNDLE_IDENTIFIER = ornn.PZXLiveActivities;
				PRODUCT_NAME = "$(TARGET_NAME)";
				SUPPORTED_PLATFORMS = "iphoneos iphonesimulator";
				SUPPORTS_MACCATALYST = NO;
				SUPPORTS_MAC_DESIGNED_FOR_IPHONE_IPAD = NO;
				SWIFT_EMIT_LOC_STRINGS = YES;
				SWIFT_VERSION = 5.0;
				TARGETED_DEVICE_FAMILY = 1;
			};
			name = Debug;
		};
		707A561F29EFCCAD001EEDF6 /* Release */ = {
			isa = XCBuildConfiguration;
			buildSettings = {
				ALWAYS_EMBED_SWIFT_STANDARD_LIBRARIES = YES;
				ASSETCATALOG_COMPILER_APPICON_NAME = AppIcon;
				ASSETCATALOG_COMPILER_GLOBAL_ACCENT_COLOR_NAME = AccentColor;
				CODE_SIGN_STYLE = Automatic;
				CURRENT_PROJECT_VERSION = 1;
				DEVELOPMENT_TEAM = 6AE83KM8ZG;
				GENERATE_INFOPLIST_FILE = YES;
				INFOPLIST_FILE = PZXLiveActivities/Info.plist;
				INFOPLIST_KEY_NSSupportsLiveActivities = YES;
				INFOPLIST_KEY_UIApplicationSupportsIndirectInputEvents = YES;
				INFOPLIST_KEY_UILaunchStoryboardName = LaunchScreen;
				INFOPLIST_KEY_UIMainStoryboardFile = Main;
				INFOPLIST_KEY_UISupportedInterfaceOrientations_iPad = "UIInterfaceOrientationPortrait UIInterfaceOrientationPortraitUpsideDown UIInterfaceOrientationLandscapeLeft UIInterfaceOrientationLandscapeRight";
				INFOPLIST_KEY_UISupportedInterfaceOrientations_iPhone = "UIInterfaceOrientationPortrait UIInterfaceOrientationLandscapeLeft UIInterfaceOrientationLandscapeRight";
				IPHONEOS_DEPLOYMENT_TARGET = 16.1;
				LD_RUNPATH_SEARCH_PATHS = (
					"$(inherited)",
					"@executable_path/Frameworks",
				);
				MARKETING_VERSION = 1.0;
				PRODUCT_BUNDLE_IDENTIFIER = ornn.PZXLiveActivities;
				PRODUCT_NAME = "$(TARGET_NAME)";
				SUPPORTED_PLATFORMS = "iphoneos iphonesimulator";
				SUPPORTS_MACCATALYST = NO;
				SUPPORTS_MAC_DESIGNED_FOR_IPHONE_IPAD = NO;
				SWIFT_EMIT_LOC_STRINGS = YES;
				SWIFT_VERSION = 5.0;
				TARGETED_DEVICE_FAMILY = 1;
			};
			name = Release;
		};
		707A563829EFCCD7001EEDF6 /* Debug */ = {
			isa = XCBuildConfiguration;
			buildSettings = {
				ASSETCATALOG_COMPILER_GLOBAL_ACCENT_COLOR_NAME = AccentColor;
				ASSETCATALOG_COMPILER_WIDGET_BACKGROUND_COLOR_NAME = WidgetBackground;
				CODE_SIGN_STYLE = Automatic;
				CURRENT_PROJECT_VERSION = 1;
				DEVELOPMENT_TEAM = 6AE83KM8ZG;
				GENERATE_INFOPLIST_FILE = YES;
				INFOPLIST_FILE = LiveActivitiesWidget/Info.plist;
				INFOPLIST_KEY_CFBundleDisplayName = LiveActivitiesWidget;
				INFOPLIST_KEY_NSHumanReadableCopyright = "";
				INFOPLIST_KEY_NSSupportsLiveActivities = YES;
				LD_RUNPATH_SEARCH_PATHS = (
					"$(inherited)",
					"@executable_path/Frameworks",
					"@executable_path/../../Frameworks",
				);
				MARKETING_VERSION = 1.0;
				PRODUCT_BUNDLE_IDENTIFIER = ornn.PZXLiveActivities.LiveActivitiesWidget;
				PRODUCT_NAME = "$(TARGET_NAME)";
				SKIP_INSTALL = YES;
				SWIFT_EMIT_LOC_STRINGS = YES;
				SWIFT_VERSION = 5.0;
				TARGETED_DEVICE_FAMILY = "1,2";
			};
			name = Debug;
		};
		707A563929EFCCD7001EEDF6 /* Release */ = {
			isa = XCBuildConfiguration;
			buildSettings = {
				ASSETCATALOG_COMPILER_GLOBAL_ACCENT_COLOR_NAME = AccentColor;
				ASSETCATALOG_COMPILER_WIDGET_BACKGROUND_COLOR_NAME = WidgetBackground;
				CODE_SIGN_STYLE = Automatic;
				CURRENT_PROJECT_VERSION = 1;
				DEVELOPMENT_TEAM = 6AE83KM8ZG;
				GENERATE_INFOPLIST_FILE = YES;
				INFOPLIST_FILE = LiveActivitiesWidget/Info.plist;
				INFOPLIST_KEY_CFBundleDisplayName = LiveActivitiesWidget;
				INFOPLIST_KEY_NSHumanReadableCopyright = "";
				INFOPLIST_KEY_NSSupportsLiveActivities = YES;
				LD_RUNPATH_SEARCH_PATHS = (
					"$(inherited)",
					"@executable_path/Frameworks",
					"@executable_path/../../Frameworks",
				);
				MARKETING_VERSION = 1.0;
				PRODUCT_BUNDLE_IDENTIFIER = ornn.PZXLiveActivities.LiveActivitiesWidget;
				PRODUCT_NAME = "$(TARGET_NAME)";
				SKIP_INSTALL = YES;
				SWIFT_EMIT_LOC_STRINGS = YES;
				SWIFT_VERSION = 5.0;
				TARGETED_DEVICE_FAMILY = "1,2";
			};
			name = Release;
		};
/* End XCBuildConfiguration section */

/* Begin XCConfigurationList section */
		707A560429EFCCAB001EEDF6 /* Build configuration list for PBXProject "PZXLiveActivities" */ = {
			isa = XCConfigurationList;
			buildConfigurations = (
				707A561B29EFCCAD001EEDF6 /* Debug */,
				707A561C29EFCCAD001EEDF6 /* Release */,
			);
			defaultConfigurationIsVisible = 0;
			defaultConfigurationName = Release;
		};
		707A561D29EFCCAD001EEDF6 /* Build configuration list for PBXNativeTarget "PZXLiveActivities" */ = {
			isa = XCConfigurationList;
			buildConfigurations = (
				707A561E29EFCCAD001EEDF6 /* Debug */,
				707A561F29EFCCAD001EEDF6 /* Release */,
			);
			defaultConfigurationIsVisible = 0;
			defaultConfigurationName = Release;
		};
		707A563729EFCCD7001EEDF6 /* Build configuration list for PBXNativeTarget "LiveActivitiesWidgetExtension" */ = {
			isa = XCConfigurationList;
			buildConfigurations = (
				707A563829EFCCD7001EEDF6 /* Debug */,
				707A563929EFCCD7001EEDF6 /* Release */,
			);
			defaultConfigurationIsVisible = 0;
			defaultConfigurationName = Release;
		};
/* End XCConfigurationList section */
	};
	rootObject = 707A560129EFCCAB001EEDF6 /* Project object */;
}
